<?xml version="1.0" encoding="utf-8"?>
<Project ToolsVersion="4.0" xmlns="http://schemas.microsoft.com/developer/msbuild/2003">
  <ItemGroup>
    <Filter Include="crypto">
      <UniqueIdentifier>{3ed92694-6eef-45f4-83a5-d0b0c6b2ea66}</UniqueIdentifier>
    </Filter>
    <Filter Include="main">
      <UniqueIdentifier>{130fe4e1-2ee7-44b1-88dd-5b55699ffa2e}</UniqueIdentifier>
    </Filter>
    <Filter Include="enc">
      <UniqueIdentifier>{bf1b5e3a-3997-4513-99be-384078f33fbb}</UniqueIdentifier>
    </Filter>
    <Filter Include="managers">
      <UniqueIdentifier>{8796e1d5-0ecb-4e23-a476-37beb4609501}</UniqueIdentifier>
    </Filter>
    <Filter Include="Header Files">
      <UniqueIdentifier>{8e563765-eff0-4769-ba3e-48baaf4b2938}</UniqueIdentifier>
    </Filter>
    <Filter Include="Source Files">
      <UniqueIdentifier>{db1b7682-1e5c-4caf-9010-aef277e7dd38}</UniqueIdentifier>
    </Filter>
  </ItemGroup>
  <ItemGroup>
    <ClCompile Include="..\shared\crypto\crypto.cpp">
      <Filter>crypto</Filter>
    </ClCompile>
    <ClCompile Include="server.cpp">
      <Filter>main</Filter>
    </ClCompile>
    <ClCompile Include="enc.cpp">
      <Filter>enc</Filter>
    </ClCompile>
    <ClCompile Include="random.cpp">
      <Filter>enc</Filter>
    </ClCompile>
    <ClCompile Include="interaction.cpp">
      <Filter>managers</Filter>
    </ClCompile>
    <ClCompile Include="user_handler.cpp">
      <Filter>managers</Filter>
    </ClCompile>
    <ClCompile Include="..\client\format.cc">
      <Filter>Source Files</Filter>
    </ClCompile>
    <ClCompile Include="..\client\os.cc">
      <Filter>Source Files</Filter>
    </ClCompile>
  </ItemGroup>
  <ItemGroup>
    <ClInclude Include="..\shared\crypto\crypto.h">
      <Filter>crypto</Filter>
    </ClInclude>
    <ClInclude Include="includes.h">
      <Filter>main</Filter>
    </ClInclude>
    <ClInclude Include="..\client\chrono.h">
      <Filter>Header Files</Filter>
    </ClInclude>
    <ClInclude Include="..\client\color.h">
      <Filter>Header Files</Filter>
    </ClInclude>
    <ClInclude Include="..\client\compile.h">
      <Filter>Header Files</Filter>
    </ClInclude>
    <ClInclude Include="..\client\core.h">
      <Filter>Header Files</Filter>
    </ClInclude>
    <ClInclude Include="..\client\format-inl.h">
      <Filter>Header Files</Filter>
    </ClInclude>
    <ClInclude Include="..\client\format.h">
      <Filter>Header Files</Filter>
    </ClInclude>
    <ClInclude Include="..\client\locale.h">
      <Filter>Header Files</Filter>
    </ClInclude>
    <ClInclude Include="..\client\macros.hpp">
      <Filter>Header Files</Filter>
    </ClInclude>
    <ClInclude Include="..\client\os.h">
      <Filter>Header Files</Filter>
    </ClInclude>
    <ClInclude Include="..\client\ostream.h">
      <Filter>Header Files</Filter>
    </ClInclude>
    <ClInclude Include="..\client\posix.h">
      <Filter>Header Files</Filter>
    </ClInclude>
    <ClInclude Include="..\client\printa.hpp">
      <Filter>Header Files</Filter>
    </ClInclude>
    <ClInclude Include="..\client\printf.h">
      <Filter>Header Files</Filter>
    </ClInclude>
    <ClInclude Include="..\client\ranges.h">
      <Filter>Header Files</Filter>
    </ClInclude>
    <ClInclude Include="..\client\singleton.hpp">
      <Filter>Header Files</Filter>
    </ClInclude>
  </ItemGroup>
</Project>